
Microsoft Visual Studio Solution File, Format Version 12.00
# Visual Studio 15
VisualStudioVersion = 15.0.28307.438
MinimumVisualStudioVersion = 10.0.40219.1
Project("{FAE04EC0-301F-11D3-BF4B-00C04F79EFBC}") = "ExcelReader", "ExcelReader\ExcelReader.csproj", "{00068280-4DBC-464B-82BD-DE56E6EB998F}"
EndProject
Global
	GlobalSection(SolutionConfigurationPlatforms) = preSolution
		Debug|Any CPU = Debug|Any CPU
		Release|Any CPU = Release|Any CPU
	EndGlobalSection
	GlobalSection(ProjectConfigurationPlatforms) = postSolution
		{00068280-4DBC-464B-82BD-DE56E6EB998F}.Debug|Any CPU.ActiveCfg = Debug|Any CPU
		{00068280-4DBC-464B-82BD-DE56E6EB998F}.Debug|Any CPU.Build.0 = Debug|Any CPU
		{00068280-4DBC-464B-82BD-DE56E6EB998F}.Release|Any CPU.ActiveCfg = Release|Any CPU
		{00068280-4DBC-464B-82BD-DE56E6EB998F}.Release|Any CPU.Build.0 = Release|Any CPU
	EndGlobalSection
	GlobalSection(SolutionProperties) = preSolution
		HideSolutionNode = FALSE
	EndGlobalSection
	GlobalSection(ExtensibilityGlobals) = postSolution
		SolutionGuid = {685B8B10-6718-450F-A9CA-FD4D6ADF049C}
	EndGlobalSection
EndGlobal
